// !$*UTF8*$!
{
	archiveVersion = 1;
	classes = {
	};
	objectVersion = 46;
	objects = {

/* Begin PBXBuildFile section */
		050B660A1F643D8000F9A281 /* SuperHeroDetailCellProtocol.swift in Sources */ = {isa = PBXBuildFile; fileRef = 050B66091F643D8000F9A281 /* SuperHeroDetailCellProtocol.swift */; };
		0551C5F01EB11C0E00D2E947 /* LoadingIndicatorProtocol.swift in Sources */ = {isa = PBXBuildFile; fileRef = 0551C5EF1EB11C0E00D2E947 /* LoadingIndicatorProtocol.swift */; };
		0551C5F21EB260DC00D2E947 /* TableLoadingIndicatorProtocol.swift in Sources */ = {isa = PBXBuildFile; fileRef = 0551C5F11EB260DC00D2E947 /* TableLoadingIndicatorProtocol.swift */; };
		059DD0B21E97A3C400EBB078 /* Globals.swift in Sources */ = {isa = PBXBuildFile; fileRef = 059DD0B11E97A3C400EBB078 /* Globals.swift */; };
		059DD0B41E97AD3200EBB078 /* ServerError.swift in Sources */ = {isa = PBXBuildFile; fileRef = 059DD0B31E97AD3200EBB078 /* ServerError.swift */; };
		05B560D31E997422009DA57F /* AlertMessageProtocol.swift in Sources */ = {isa = PBXBuildFile; fileRef = 05B560D21E997422009DA57F /* AlertMessageProtocol.swift */; };
		05CFED3E1F6D8CC900CF9614 /* SuperHeroDetailHeaderView.swift in Sources */ = {isa = PBXBuildFile; fileRef = 05CFED3D1F6D8CC900CF9614 /* SuperHeroDetailHeaderView.swift */; };
		05D76FF21E6F1D0E00D0A4A6 /* Media.xcassets in Resources */ = {isa = PBXBuildFile; fileRef = 05D76FF11E6F1D0E00D0A4A6 /* Media.xcassets */; };
		05D76FF91E6F209D00D0A4A6 /* Localizable.strings in Resources */ = {isa = PBXBuildFile; fileRef = 05D76FF71E6F209D00D0A4A6 /* Localizable.strings */; };
		05E1FAA11EF8548E00E95898 /* NetworkingManagerProtocol.swift in Sources */ = {isa = PBXBuildFile; fileRef = 05E1FAA01EF8548E00E95898 /* NetworkingManagerProtocol.swift */; };
		05E1FAA31EF854F000E95898 /* URLSessionManager.swift in Sources */ = {isa = PBXBuildFile; fileRef = 05E1FAA21EF854F000E95898 /* URLSessionManager.swift */; };
		05E1FAA61EF8555B00E95898 /* SuperHeroesListInteractor.swift in Sources */ = {isa = PBXBuildFile; fileRef = 05E1FAA51EF8555B00E95898 /* SuperHeroesListInteractor.swift */; };
		05E1FAA91EF8565400E95898 /* SuperHeroesListRepository.swift in Sources */ = {isa = PBXBuildFile; fileRef = 05E1FAA81EF8565300E95898 /* SuperHeroesListRepository.swift */; };
		05F56B121E6C1ECC0078C532 /* AppDelegate.swift in Sources */ = {isa = PBXBuildFile; fileRef = 05F56B111E6C1ECC0078C532 /* AppDelegate.swift */; };
		05F56B141E6C1ECC0078C532 /* SuperHeroesListViewController.swift in Sources */ = {isa = PBXBuildFile; fileRef = 05F56B131E6C1ECC0078C532 /* SuperHeroesListViewController.swift */; };
		05F56B171E6C1ECC0078C532 /* Main.storyboard in Resources */ = {isa = PBXBuildFile; fileRef = 05F56B151E6C1ECC0078C532 /* Main.storyboard */; };
		05F56B1C1E6C1ECC0078C532 /* LaunchScreen.storyboard in Resources */ = {isa = PBXBuildFile; fileRef = 05F56B1A1E6C1ECC0078C532 /* LaunchScreen.storyboard */; };
		05F56B271E6C1F300078C532 /* SuperHeroesListPresenter.swift in Sources */ = {isa = PBXBuildFile; fileRef = 05F56B261E6C1F300078C532 /* SuperHeroesListPresenter.swift */; };
		05F56B2C1E6C250C0078C532 /* SuperHeroCell.swift in Sources */ = {isa = PBXBuildFile; fileRef = 05F56B2B1E6C250C0078C532 /* SuperHeroCell.swift */; };
		0C0091C41F028CED00FC9DA3 /* SuperHeroesListDataSource.swift in Sources */ = {isa = PBXBuildFile; fileRef = 0C0091C31F028CED00FC9DA3 /* SuperHeroesListDataSource.swift */; };
		0C0091C61F02A20400FC9DA3 /* DataMemoryCacheManager.swift in Sources */ = {isa = PBXBuildFile; fileRef = 0C0091C51F02A20400FC9DA3 /* DataMemoryCacheManager.swift */; };
		0C0091CA1F02B64900FC9DA3 /* DataCacheManagerProtocol.swift in Sources */ = {isa = PBXBuildFile; fileRef = 0C0091C91F02B64800FC9DA3 /* DataCacheManagerProtocol.swift */; };
		0C634DEB1F0A75D900EFAB96 /* SuperHeroDetailDataSource.swift in Sources */ = {isa = PBXBuildFile; fileRef = 0C634DEA1F0A75D900EFAB96 /* SuperHeroDetailDataSource.swift */; };
		0C7120FD1F04D99D005A84AA /* SuperHeroEntity.swift in Sources */ = {isa = PBXBuildFile; fileRef = 0C7120FC1F04D99D005A84AA /* SuperHeroEntity.swift */; };
		0C7120FF1F04FD87005A84AA /* SuperHeroesListRouter.swift in Sources */ = {isa = PBXBuildFile; fileRef = 0C7120FE1F04FD87005A84AA /* SuperHeroesListRouter.swift */; };
		0C7121011F052648005A84AA /* RouterProtocol.swift in Sources */ = {isa = PBXBuildFile; fileRef = 0C7121001F052648005A84AA /* RouterProtocol.swift */; };
		0C7121031F053AD6005A84AA /* SuperHeroDetailRouter.swift in Sources */ = {isa = PBXBuildFile; fileRef = 0C7121021F053AD6005A84AA /* SuperHeroDetailRouter.swift */; };
		0C7121051F0547AF005A84AA /* SuperHeroDetailViewController.swift in Sources */ = {isa = PBXBuildFile; fileRef = 0C7121041F0547AF005A84AA /* SuperHeroDetailViewController.swift */; };
		0C7121071F054986005A84AA /* SuperHeroDetailPresenter.swift in Sources */ = {isa = PBXBuildFile; fileRef = 0C7121061F054986005A84AA /* SuperHeroDetailPresenter.swift */; };
		0C71210F1F054DA0005A84AA /* BookDetailInteractor.swift in Sources */ = {isa = PBXBuildFile; fileRef = 0C71210D1F054DA0005A84AA /* BookDetailInteractor.swift */; };
		0C7121101F054DA0005A84AA /* BookDetailRepository.swift in Sources */ = {isa = PBXBuildFile; fileRef = 0C71210E1F054DA0005A84AA /* BookDetailRepository.swift */; };
		0C7121121F054EF3005A84AA /* SuperHeroesImagesManager.swift in Sources */ = {isa = PBXBuildFile; fileRef = 0C7121111F054EF3005A84AA /* SuperHeroesImagesManager.swift */; };
		0C86C5901F066D9500C04A04 /* SuperHeroViewEntity.swift in Sources */ = {isa = PBXBuildFile; fileRef = 0C86C58F1F066D9500C04A04 /* SuperHeroViewEntity.swift */; };
		0C86C5931F066E3D00C04A04 /* SuperHeroDetailViewEntity.swift in Sources */ = {isa = PBXBuildFile; fileRef = 0C86C5921F066E3D00C04A04 /* SuperHeroDetailViewEntity.swift */; };
		0C86C5951F0A1C7D00C04A04 /* ViewLoadingIndicatorProtocol.swift in Sources */ = {isa = PBXBuildFile; fileRef = 0C86C5941F0A1C7D00C04A04 /* ViewLoadingIndicatorProtocol.swift */; };
		0C9DC8AB1F062F4D00642D84 /* SuperHeroHumanPropertiesCell.swift in Sources */ = {isa = PBXBuildFile; fileRef = 0C9DC8AA1F062F4D00642D84 /* SuperHeroHumanPropertiesCell.swift */; };
		0C9DC8AD1F06368B00642D84 /* SuperHeroAdditionalPropertyCell.swift in Sources */ = {isa = PBXBuildFile; fileRef = 0C9DC8AC1F06368B00642D84 /* SuperHeroAdditionalPropertyCell.swift */; };
		0CCF43261F0BE100003183C4 /* UIView+LoadingIndicator.swift in Sources */ = {isa = PBXBuildFile; fileRef = 0CCF43251F0BE100003183C4 /* UIView+LoadingIndicator.swift */; };
		0CCF43291F0BE9D7003183C4 /* String+HTML.swift in Sources */ = {isa = PBXBuildFile; fileRef = 0CCF43281F0BE9D7003183C4 /* String+HTML.swift */; };
/* End PBXBuildFile section */

/* Begin PBXFileReference section */
		050B66091F643D8000F9A281 /* SuperHeroDetailCellProtocol.swift */ = {isa = PBXFileReference; fileEncoding = 4; lastKnownFileType = sourcecode.swift; path = SuperHeroDetailCellProtocol.swift; sourceTree = "<group>"; };
		0551C5EF1EB11C0E00D2E947 /* LoadingIndicatorProtocol.swift */ = {isa = PBXFileReference; fileEncoding = 4; lastKnownFileType = sourcecode.swift; path = LoadingIndicatorProtocol.swift; sourceTree = "<group>"; };
		0551C5F11EB260DC00D2E947 /* TableLoadingIndicatorProtocol.swift */ = {isa = PBXFileReference; fileEncoding = 4; lastKnownFileType = sourcecode.swift; path = TableLoadingIndicatorProtocol.swift; sourceTree = "<group>"; };
		059DD0B11E97A3C400EBB078 /* Globals.swift */ = {isa = PBXFileReference; fileEncoding = 4; lastKnownFileType = sourcecode.swift; path = Globals.swift; sourceTree = "<group>"; };
		059DD0B31E97AD3200EBB078 /* ServerError.swift */ = {isa = PBXFileReference; fileEncoding = 4; lastKnownFileType = sourcecode.swift; path = ServerError.swift; sourceTree = "<group>"; };
		05B560D21E997422009DA57F /* AlertMessageProtocol.swift */ = {isa = PBXFileReference; fileEncoding = 4; lastKnownFileType = sourcecode.swift; path = AlertMessageProtocol.swift; sourceTree = "<group>"; };
		05CFED3D1F6D8CC900CF9614 /* SuperHeroDetailHeaderView.swift */ = {isa = PBXFileReference; fileEncoding = 4; lastKnownFileType = sourcecode.swift; path = SuperHeroDetailHeaderView.swift; sourceTree = "<group>"; };
		05D76FF11E6F1D0E00D0A4A6 /* Media.xcassets */ = {isa = PBXFileReference; lastKnownFileType = folder.assetcatalog; path = Media.xcassets; sourceTree = "<group>"; };
		05D76FF81E6F209D00D0A4A6 /* Base */ = {isa = PBXFileReference; lastKnownFileType = text.plist.strings; name = Base; path = Base.lproj/Localizable.strings; sourceTree = "<group>"; };
		05D76FFA1E6F20B000D0A4A6 /* es */ = {isa = PBXFileReference; lastKnownFileType = text.plist.strings; name = es; path = es.lproj/Localizable.strings; sourceTree = "<group>"; };
		05E1FAA01EF8548E00E95898 /* NetworkingManagerProtocol.swift */ = {isa = PBXFileReference; fileEncoding = 4; lastKnownFileType = sourcecode.swift; path = NetworkingManagerProtocol.swift; sourceTree = "<group>"; };
		05E1FAA21EF854F000E95898 /* URLSessionManager.swift */ = {isa = PBXFileReference; fileEncoding = 4; lastKnownFileType = sourcecode.swift; path = URLSessionManager.swift; sourceTree = "<group>"; };
		05E1FAA51EF8555B00E95898 /* SuperHeroesListInteractor.swift */ = {isa = PBXFileReference; fileEncoding = 4; lastKnownFileType = sourcecode.swift; path = SuperHeroesListInteractor.swift; sourceTree = "<group>"; };
		05E1FAA81EF8565300E95898 /* SuperHeroesListRepository.swift */ = {isa = PBXFileReference; fileEncoding = 4; lastKnownFileType = sourcecode.swift; path = SuperHeroesListRepository.swift; sourceTree = "<group>"; };
		05F56B0E1E6C1ECC0078C532 /* SuperHeroes.app */ = {isa = PBXFileReference; explicitFileType = wrapper.application; includeInIndex = 0; path = SuperHeroes.app; sourceTree = BUILT_PRODUCTS_DIR; };
		05F56B111E6C1ECC0078C532 /* AppDelegate.swift */ = {isa = PBXFileReference; lastKnownFileType = sourcecode.swift; path = AppDelegate.swift; sourceTree = "<group>"; };
		05F56B131E6C1ECC0078C532 /* SuperHeroesListViewController.swift */ = {isa = PBXFileReference; lastKnownFileType = sourcecode.swift; path = SuperHeroesListViewController.swift; sourceTree = "<group>"; };
		05F56B161E6C1ECC0078C532 /* Base */ = {isa = PBXFileReference; lastKnownFileType = file.storyboard; name = Base; path = Base.lproj/Main.storyboard; sourceTree = "<group>"; };
		05F56B1B1E6C1ECC0078C532 /* Base */ = {isa = PBXFileReference; lastKnownFileType = file.storyboard; name = Base; path = Base.lproj/LaunchScreen.storyboard; sourceTree = "<group>"; };
		05F56B1D1E6C1ECC0078C532 /* Info.plist */ = {isa = PBXFileReference; lastKnownFileType = text.plist.xml; path = Info.plist; sourceTree = "<group>"; };
		05F56B261E6C1F300078C532 /* SuperHeroesListPresenter.swift */ = {isa = PBXFileReference; fileEncoding = 4; lastKnownFileType = sourcecode.swift; path = SuperHeroesListPresenter.swift; sourceTree = "<group>"; };
		05F56B2B1E6C250C0078C532 /* SuperHeroCell.swift */ = {isa = PBXFileReference; fileEncoding = 4; lastKnownFileType = sourcecode.swift; path = SuperHeroCell.swift; sourceTree = "<group>"; };
		0C0091C31F028CED00FC9DA3 /* SuperHeroesListDataSource.swift */ = {isa = PBXFileReference; fileEncoding = 4; lastKnownFileType = sourcecode.swift; path = SuperHeroesListDataSource.swift; sourceTree = "<group>"; };
		0C0091C51F02A20400FC9DA3 /* DataMemoryCacheManager.swift */ = {isa = PBXFileReference; fileEncoding = 4; lastKnownFileType = sourcecode.swift; path = DataMemoryCacheManager.swift; sourceTree = "<group>"; };
		0C0091C91F02B64800FC9DA3 /* DataCacheManagerProtocol.swift */ = {isa = PBXFileReference; fileEncoding = 4; lastKnownFileType = sourcecode.swift; path = DataCacheManagerProtocol.swift; sourceTree = "<group>"; };
		0C3149761F0BB50200505A0E /* SHPlayground.playground */ = {isa = PBXFileReference; lastKnownFileType = file.playground; path = SHPlayground.playground; sourceTree = "<group>"; };
		0C634DEA1F0A75D900EFAB96 /* SuperHeroDetailDataSource.swift */ = {isa = PBXFileReference; fileEncoding = 4; lastKnownFileType = sourcecode.swift; path = SuperHeroDetailDataSource.swift; sourceTree = "<group>"; };
		0C7120FC1F04D99D005A84AA /* SuperHeroEntity.swift */ = {isa = PBXFileReference; fileEncoding = 4; lastKnownFileType = sourcecode.swift; path = SuperHeroEntity.swift; sourceTree = "<group>"; };
		0C7120FE1F04FD87005A84AA /* SuperHeroesListRouter.swift */ = {isa = PBXFileReference; fileEncoding = 4; lastKnownFileType = sourcecode.swift; path = SuperHeroesListRouter.swift; sourceTree = "<group>"; };
		0C7121001F052648005A84AA /* RouterProtocol.swift */ = {isa = PBXFileReference; fileEncoding = 4; lastKnownFileType = sourcecode.swift; path = RouterProtocol.swift; sourceTree = "<group>"; };
		0C7121021F053AD6005A84AA /* SuperHeroDetailRouter.swift */ = {isa = PBXFileReference; fileEncoding = 4; lastKnownFileType = sourcecode.swift; path = SuperHeroDetailRouter.swift; sourceTree = "<group>"; };
		0C7121041F0547AF005A84AA /* SuperHeroDetailViewController.swift */ = {isa = PBXFileReference; fileEncoding = 4; lastKnownFileType = sourcecode.swift; path = SuperHeroDetailViewController.swift; sourceTree = "<group>"; };
		0C7121061F054986005A84AA /* SuperHeroDetailPresenter.swift */ = {isa = PBXFileReference; fileEncoding = 4; lastKnownFileType = sourcecode.swift; path = SuperHeroDetailPresenter.swift; sourceTree = "<group>"; };
		0C71210D1F054DA0005A84AA /* BookDetailInteractor.swift */ = {isa = PBXFileReference; fileEncoding = 4; lastKnownFileType = sourcecode.swift; path = BookDetailInteractor.swift; sourceTree = "<group>"; };
		0C71210E1F054DA0005A84AA /* BookDetailRepository.swift */ = {isa = PBXFileReference; fileEncoding = 4; lastKnownFileType = sourcecode.swift; path = BookDetailRepository.swift; sourceTree = "<group>"; };
		0C7121111F054EF3005A84AA /* SuperHeroesImagesManager.swift */ = {isa = PBXFileReference; fileEncoding = 4; lastKnownFileType = sourcecode.swift; path = SuperHeroesImagesManager.swift; sourceTree = "<group>"; };
		0C86C58F1F066D9500C04A04 /* SuperHeroViewEntity.swift */ = {isa = PBXFileReference; fileEncoding = 4; lastKnownFileType = sourcecode.swift; path = SuperHeroViewEntity.swift; sourceTree = "<group>"; };
		0C86C5921F066E3D00C04A04 /* SuperHeroDetailViewEntity.swift */ = {isa = PBXFileReference; fileEncoding = 4; lastKnownFileType = sourcecode.swift; path = SuperHeroDetailViewEntity.swift; sourceTree = "<group>"; };
		0C86C5941F0A1C7D00C04A04 /* ViewLoadingIndicatorProtocol.swift */ = {isa = PBXFileReference; fileEncoding = 4; lastKnownFileType = sourcecode.swift; path = ViewLoadingIndicatorProtocol.swift; sourceTree = "<group>"; };
		0C9DC8AA1F062F4D00642D84 /* SuperHeroHumanPropertiesCell.swift */ = {isa = PBXFileReference; fileEncoding = 4; lastKnownFileType = sourcecode.swift; path = SuperHeroHumanPropertiesCell.swift; sourceTree = "<group>"; };
		0C9DC8AC1F06368B00642D84 /* SuperHeroAdditionalPropertyCell.swift */ = {isa = PBXFileReference; fileEncoding = 4; lastKnownFileType = sourcecode.swift; path = SuperHeroAdditionalPropertyCell.swift; sourceTree = "<group>"; };
		0CCF43251F0BE100003183C4 /* UIView+LoadingIndicator.swift */ = {isa = PBXFileReference; fileEncoding = 4; lastKnownFileType = sourcecode.swift; path = "UIView+LoadingIndicator.swift"; sourceTree = "<group>"; };
		0CCF43281F0BE9D7003183C4 /* String+HTML.swift */ = {isa = PBXFileReference; fileEncoding = 4; lastKnownFileType = sourcecode.swift; path = "String+HTML.swift"; sourceTree = "<group>"; };
/* End PBXFileReference section */

/* Begin PBXFrameworksBuildPhase section */
		05F56B0B1E6C1ECC0078C532 /* Frameworks */ = {
			isa = PBXFrameworksBuildPhase;
			buildActionMask = 2147483647;
			files = (
			);
			runOnlyForDeploymentPostprocessing = 0;
		};
/* End PBXFrameworksBuildPhase section */

/* Begin PBXGroup section */
		059DD0AF1E97A1ED00EBB078 /* Common */ = {
			isa = PBXGroup;
			children = (
				059DD0B11E97A3C400EBB078 /* Globals.swift */,
				0CCF43271F0BE955003183C4 /* Extensions */,
				05E1FA991EF84D9300E95898 /* Domain */,
				05B560D11E9973C8009DA57F /* Views */,
				0C7121001F052648005A84AA /* RouterProtocol.swift */,
			);
			name = Common;
			path = Modules/Common;
			sourceTree = "<group>";
		};
		059DD0B01E97A36600EBB078 /* Entities */ = {
			isa = PBXGroup;
			children = (
				059DD0B31E97AD3200EBB078 /* ServerError.swift */,
			);
			path = Entities;
			sourceTree = "<group>";
		};
		05B560D11E9973C8009DA57F /* Views */ = {
			isa = PBXGroup;
			children = (
				05B560D21E997422009DA57F /* AlertMessageProtocol.swift */,
				0551C5EF1EB11C0E00D2E947 /* LoadingIndicatorProtocol.swift */,
				0551C5F11EB260DC00D2E947 /* TableLoadingIndicatorProtocol.swift */,
				0C86C5941F0A1C7D00C04A04 /* ViewLoadingIndicatorProtocol.swift */,
			);
			path = Views;
			sourceTree = "<group>";
		};
		05E1FA991EF84D9300E95898 /* Domain */ = {
			isa = PBXGroup;
			children = (
				059DD0B01E97A36600EBB078 /* Entities */,
				05E1FA9A1EF84D9300E95898 /* Managers */,
			);
			path = Domain;
			sourceTree = "<group>";
		};
		05E1FA9A1EF84D9300E95898 /* Managers */ = {
			isa = PBXGroup;
			children = (
				05E1FAA01EF8548E00E95898 /* NetworkingManagerProtocol.swift */,
				05E1FAA21EF854F000E95898 /* URLSessionManager.swift */,
				0C0091C51F02A20400FC9DA3 /* DataMemoryCacheManager.swift */,
				0C0091C91F02B64800FC9DA3 /* DataCacheManagerProtocol.swift */,
				0C7121111F054EF3005A84AA /* SuperHeroesImagesManager.swift */,
			);
			path = Managers;
			sourceTree = "<group>";
		};
		05E1FAA41EF8555B00E95898 /* Domain */ = {
			isa = PBXGroup;
			children = (
				05F56B2F1E6C387B0078C532 /* Entities */,
				05E1FAA51EF8555B00E95898 /* SuperHeroesListInteractor.swift */,
				05E1FAA81EF8565300E95898 /* SuperHeroesListRepository.swift */,
				0C0091C31F028CED00FC9DA3 /* SuperHeroesListDataSource.swift */,
			);
			path = Domain;
			sourceTree = "<group>";
		};
		05F56B051E6C1ECC0078C532 = {
			isa = PBXGroup;
			children = (
				05F56B101E6C1ECC0078C532 /* SuperHeroes */,
				05F56B0F1E6C1ECC0078C532 /* Products */,
			);
			sourceTree = "<group>";
		};
		05F56B0F1E6C1ECC0078C532 /* Products */ = {
			isa = PBXGroup;
			children = (
				05F56B0E1E6C1ECC0078C532 /* SuperHeroes.app */,
			);
			name = Products;
			sourceTree = "<group>";
		};
		05F56B101E6C1ECC0078C532 /* SuperHeroes */ = {
			isa = PBXGroup;
			children = (
				05F56B111E6C1ECC0078C532 /* AppDelegate.swift */,
				05F56B231E6C1EE20078C532 /* Modules */,
				05F56B151E6C1ECC0078C532 /* Main.storyboard */,
				05F56B1A1E6C1ECC0078C532 /* LaunchScreen.storyboard */,
				05F56B1D1E6C1ECC0078C532 /* Info.plist */,
				05D76FF11E6F1D0E00D0A4A6 /* Media.xcassets */,
				05D76FF71E6F209D00D0A4A6 /* Localizable.strings */,
				0C3149761F0BB50200505A0E /* SHPlayground.playground */,
			);
			path = SuperHeroes;
			sourceTree = "<group>";
		};
		05F56B231E6C1EE20078C532 /* Modules */ = {
			isa = PBXGroup;
			children = (
				059DD0AF1E97A1ED00EBB078 /* Common */,
				05F56B251E6C1F000078C532 /* SuperHeroDetail */,
				05F56B241E6C1EF40078C532 /* SuperHeroesList */,
			);
			name = Modules;
			sourceTree = "<group>";
		};
		05F56B241E6C1EF40078C532 /* SuperHeroesList */ = {
			isa = PBXGroup;
			children = (
				05E1FAA41EF8555B00E95898 /* Domain */,
				05F56B2A1E6C24DE0078C532 /* Views */,
				05F56B131E6C1ECC0078C532 /* SuperHeroesListViewController.swift */,
				05F56B261E6C1F300078C532 /* SuperHeroesListPresenter.swift */,
				0C7120FE1F04FD87005A84AA /* SuperHeroesListRouter.swift */,
			);
			name = SuperHeroesList;
			path = Modules/SuperHeroresList;
			sourceTree = "<group>";
		};
		05F56B251E6C1F000078C532 /* SuperHeroDetail */ = {
			isa = PBXGroup;
			children = (
				0C9DC8A91F062F1700642D84 /* Views */,
				0C71210C1F054D79005A84AA /* Domain */,
				0C7121021F053AD6005A84AA /* SuperHeroDetailRouter.swift */,
				0C7121041F0547AF005A84AA /* SuperHeroDetailViewController.swift */,
				0C7121061F054986005A84AA /* SuperHeroDetailPresenter.swift */,
			);
			name = SuperHeroDetail;
			path = Modules/SuperHeroDetail;
			sourceTree = "<group>";
		};
		05F56B2A1E6C24DE0078C532 /* Views */ = {
			isa = PBXGroup;
			children = (
				0C86C58E1F066D7E00C04A04 /* Entities */,
				05F56B2B1E6C250C0078C532 /* SuperHeroCell.swift */,
			);
			path = Views;
			sourceTree = "<group>";
		};
		05F56B2F1E6C387B0078C532 /* Entities */ = {
			isa = PBXGroup;
			children = (
				0C7120FC1F04D99D005A84AA /* SuperHeroEntity.swift */,
			);
			path = Entities;
			sourceTree = "<group>";
		};
		0C71210C1F054D79005A84AA /* Domain */ = {
			isa = PBXGroup;
			children = (
				0C86C58B1F06646900C04A04 /* Entities */,
				0C71210D1F054DA0005A84AA /* BookDetailInteractor.swift */,
				0C71210E1F054DA0005A84AA /* BookDetailRepository.swift */,
				0C634DEA1F0A75D900EFAB96 /* SuperHeroDetailDataSource.swift */,
			);
			path = Domain;
			sourceTree = "<group>";
		};
		0C86C58B1F06646900C04A04 /* Entities */ = {
			isa = PBXGroup;
			children = (
			);
			path = Entities;
			sourceTree = "<group>";
		};
		0C86C58E1F066D7E00C04A04 /* Entities */ = {
			isa = PBXGroup;
			children = (
				0C86C58F1F066D9500C04A04 /* SuperHeroViewEntity.swift */,
			);
			path = Entities;
			sourceTree = "<group>";
		};
		0C86C5911F066E0F00C04A04 /* Entities */ = {
			isa = PBXGroup;
			children = (
				0C86C5921F066E3D00C04A04 /* SuperHeroDetailViewEntity.swift */,
			);
			path = Entities;
			sourceTree = "<group>";
		};
		0C9DC8A91F062F1700642D84 /* Views */ = {
			isa = PBXGroup;
			children = (
				0C86C5911F066E0F00C04A04 /* Entities */,
				0C9DC8AA1F062F4D00642D84 /* SuperHeroHumanPropertiesCell.swift */,
				0C9DC8AC1F06368B00642D84 /* SuperHeroAdditionalPropertyCell.swift */,
				050B66091F643D8000F9A281 /* SuperHeroDetailCellProtocol.swift */,
				05CFED3D1F6D8CC900CF9614 /* SuperHeroDetailHeaderView.swift */,
			);
			path = Views;
			sourceTree = "<group>";
		};
		0CCF43271F0BE955003183C4 /* Extensions */ = {
			isa = PBXGroup;
			children = (
				0CCF43281F0BE9D7003183C4 /* String+HTML.swift */,
				0CCF43251F0BE100003183C4 /* UIView+LoadingIndicator.swift */,
			);
			path = Extensions;
			sourceTree = "<group>";
		};
/* End PBXGroup section */

/* Begin PBXNativeTarget section */
		05F56B0D1E6C1ECC0078C532 /* SuperHeroes */ = {
			isa = PBXNativeTarget;
			buildConfigurationList = 05F56B201E6C1ECC0078C532 /* Build configuration list for PBXNativeTarget "SuperHeroes" */;
			buildPhases = (
				05F56B0A1E6C1ECC0078C532 /* Sources */,
				05F56B0B1E6C1ECC0078C532 /* Frameworks */,
				05F56B0C1E6C1ECC0078C532 /* Resources */,
			);
			buildRules = (
			);
			dependencies = (
			);
			name = SuperHeroes;
			productName = GoogleBooksSearch;
			productReference = 05F56B0E1E6C1ECC0078C532 /* SuperHeroes.app */;
			productType = "com.apple.product-type.application";
		};
/* End PBXNativeTarget section */

/* Begin PBXProject section */
		05F56B061E6C1ECC0078C532 /* Project object */ = {
			isa = PBXProject;
			attributes = {
				LastSwiftUpdateCheck = 0820;
				LastUpgradeCheck = 0820;
				ORGANIZATIONNAME = "Rafael Gil";
				TargetAttributes = {
					05F56B0D1E6C1ECC0078C532 = {
						CreatedOnToolsVersion = 8.2.1;
						DevelopmentTeam = 389LTVUW79;
						ProvisioningStyle = Automatic;
					};
				};
			};
			buildConfigurationList = 05F56B091E6C1ECC0078C532 /* Build configuration list for PBXProject "SuperHeroes" */;
			compatibilityVersion = "Xcode 3.2";
			developmentRegion = English;
			hasScannedForEncodings = 0;
			knownRegions = (
				en,
				Base,
				es,
			);
			mainGroup = 05F56B051E6C1ECC0078C532;
			productRefGroup = 05F56B0F1E6C1ECC0078C532 /* Products */;
			projectDirPath = "";
			projectRoot = "";
			targets = (
				05F56B0D1E6C1ECC0078C532 /* SuperHeroes */,
			);
		};
/* End PBXProject section */

/* Begin PBXResourcesBuildPhase section */
		05F56B0C1E6C1ECC0078C532 /* Resources */ = {
			isa = PBXResourcesBuildPhase;
			buildActionMask = 2147483647;
			files = (
				05F56B1C1E6C1ECC0078C532 /* LaunchScreen.storyboard in Resources */,
				05D76FF91E6F209D00D0A4A6 /* Localizable.strings in Resources */,
				05D76FF21E6F1D0E00D0A4A6 /* Media.xcassets in Resources */,
				05F56B171E6C1ECC0078C532 /* Main.storyboard in Resources */,
			);
			runOnlyForDeploymentPostprocessing = 0;
		};
/* End PBXResourcesBuildPhase section */

/* Begin PBXSourcesBuildPhase section */
		05F56B0A1E6C1ECC0078C532 /* Sources */ = {
			isa = PBXSourcesBuildPhase;
			buildActionMask = 2147483647;
			files = (
				0C7121121F054EF3005A84AA /* SuperHeroesImagesManager.swift in Sources */,
				0CCF43291F0BE9D7003183C4 /* String+HTML.swift in Sources */,
				0C7120FF1F04FD87005A84AA /* SuperHeroesListRouter.swift in Sources */,
				0C71210F1F054DA0005A84AA /* BookDetailInteractor.swift in Sources */,
				05F56B141E6C1ECC0078C532 /* SuperHeroesListViewController.swift in Sources */,
				05B560D31E997422009DA57F /* AlertMessageProtocol.swift in Sources */,
				0551C5F01EB11C0E00D2E947 /* LoadingIndicatorProtocol.swift in Sources */,
				0C0091C61F02A20400FC9DA3 /* DataMemoryCacheManager.swift in Sources */,
				05CFED3E1F6D8CC900CF9614 /* SuperHeroDetailHeaderView.swift in Sources */,
				0C9DC8AB1F062F4D00642D84 /* SuperHeroHumanPropertiesCell.swift in Sources */,
				0C7121031F053AD6005A84AA /* SuperHeroDetailRouter.swift in Sources */,
				05E1FAA91EF8565400E95898 /* SuperHeroesListRepository.swift in Sources */,
				05F56B121E6C1ECC0078C532 /* AppDelegate.swift in Sources */,
				05E1FAA61EF8555B00E95898 /* SuperHeroesListInteractor.swift in Sources */,
				0C7121071F054986005A84AA /* SuperHeroDetailPresenter.swift in Sources */,
				0C7121011F052648005A84AA /* RouterProtocol.swift in Sources */,
				0CCF43261F0BE100003183C4 /* UIView+LoadingIndicator.swift in Sources */,
				059DD0B21E97A3C400EBB078 /* Globals.swift in Sources */,
				0C7121051F0547AF005A84AA /* SuperHeroDetailViewController.swift in Sources */,
				0C86C5901F066D9500C04A04 /* SuperHeroViewEntity.swift in Sources */,
				0C7120FD1F04D99D005A84AA /* SuperHeroEntity.swift in Sources */,
				05E1FAA31EF854F000E95898 /* URLSessionManager.swift in Sources */,
				059DD0B41E97AD3200EBB078 /* ServerError.swift in Sources */,
				05F56B271E6C1F300078C532 /* SuperHeroesListPresenter.swift in Sources */,
				0C0091CA1F02B64900FC9DA3 /* DataCacheManagerProtocol.swift in Sources */,
				050B660A1F643D8000F9A281 /* SuperHeroDetailCellProtocol.swift in Sources */,
				0C7121101F054DA0005A84AA /* BookDetailRepository.swift in Sources */,
				0C9DC8AD1F06368B00642D84 /* SuperHeroAdditionalPropertyCell.swift in Sources */,
				0C86C5931F066E3D00C04A04 /* SuperHeroDetailViewEntity.swift in Sources */,
				0C86C5951F0A1C7D00C04A04 /* ViewLoadingIndicatorProtocol.swift in Sources */,
				05F56B2C1E6C250C0078C532 /* SuperHeroCell.swift in Sources */,
				0C0091C41F028CED00FC9DA3 /* SuperHeroesListDataSource.swift in Sources */,
				05E1FAA11EF8548E00E95898 /* NetworkingManagerProtocol.swift in Sources */,
				0C634DEB1F0A75D900EFAB96 /* SuperHeroDetailDataSource.swift in Sources */,
				0551C5F21EB260DC00D2E947 /* TableLoadingIndicatorProtocol.swift in Sources */,
			);
			runOnlyForDeploymentPostprocessing = 0;
		};
/* End PBXSourcesBuildPhase section */

/* Begin PBXVariantGroup section */
		05D76FF71E6F209D00D0A4A6 /* Localizable.strings */ = {
			isa = PBXVariantGroup;
			children = (
				05D76FF81E6F209D00D0A4A6 /* Base */,
				05D76FFA1E6F20B000D0A4A6 /* es */,
			);
			name = Localizable.strings;
			sourceTree = "<group>";
		};
		05F56B151E6C1ECC0078C532 /* Main.storyboard */ = {
			isa = PBXVariantGroup;
			children = (
				05F56B161E6C1ECC0078C532 /* Base */,
			);
			name = Main.storyboard;
			sourceTree = "<group>";
		};
		05F56B1A1E6C1ECC0078C532 /* LaunchScreen.storyboard */ = {
			isa = PBXVariantGroup;
			children = (
				05F56B1B1E6C1ECC0078C532 /* Base */,
			);
			name = LaunchScreen.storyboard;
			sourceTree = "<group>";
		};
/* End PBXVariantGroup section */

/* Begin XCBuildConfiguration section */
		05F56B1E1E6C1ECC0078C532 /* Debug */ = {
			isa = XCBuildConfiguration;
			buildSettings = {
				ALWAYS_SEARCH_USER_PATHS = NO;
				CLANG_ANALYZER_LOCALIZABILITY_NONLOCALIZED = YES;
				CLANG_ANALYZER_NONNULL = YES;
				CLANG_CXX_LANGUAGE_STANDARD = "gnu++0x";
				CLANG_CXX_LIBRARY = "libc++";
				CLANG_ENABLE_MODULES = YES;
				CLANG_ENABLE_OBJC_ARC = YES;
				CLANG_WARN_BOOL_CONVERSION = YES;
				CLANG_WARN_CONSTANT_CONVERSION = YES;
				CLANG_WARN_DIRECT_OBJC_ISA_USAGE = YES_ERROR;
				CLANG_WARN_DOCUMENTATION_COMMENTS = YES;
				CLANG_WARN_EMPTY_BODY = YES;
				CLANG_WARN_ENUM_CONVERSION = YES;
				CLANG_WARN_INFINITE_RECURSION = YES;
				CLANG_WARN_INT_CONVERSION = YES;
				CLANG_WARN_OBJC_ROOT_CLASS = YES_ERROR;
				CLANG_WARN_SUSPICIOUS_MOVE = YES;
				CLANG_WARN_UNREACHABLE_CODE = YES;
				CLANG_WARN__DUPLICATE_METHOD_MATCH = YES;
				"CODE_SIGN_IDENTITY[sdk=iphoneos*]" = "iPhone Developer";
				COPY_PHASE_STRIP = NO;
				DEBUG_INFORMATION_FORMAT = dwarf;
				ENABLE_STRICT_OBJC_MSGSEND = YES;
				ENABLE_TESTABILITY = YES;
				GCC_C_LANGUAGE_STANDARD = gnu99;
				GCC_DYNAMIC_NO_PIC = NO;
				GCC_NO_COMMON_BLOCKS = YES;
				GCC_OPTIMIZATION_LEVEL = 0;
				GCC_PREPROCESSOR_DEFINITIONS = (
					"DEBUG=1",
					"$(inherited)",
				);
				GCC_WARN_64_TO_32_BIT_CONVERSION = YES;
				GCC_WARN_ABOUT_RETURN_TYPE = YES_ERROR;
				GCC_WARN_UNDECLARED_SELECTOR = YES;
				GCC_WARN_UNINITIALIZED_AUTOS = YES_AGGRESSIVE;
				GCC_WARN_UNUSED_FUNCTION = YES;
				GCC_WARN_UNUSED_VARIABLE = YES;
				IPHONEOS_DEPLOYMENT_TARGET = 10.2;
				MTL_ENABLE_DEBUG_INFO = YES;
				ONLY_ACTIVE_ARCH = YES;
				SDKROOT = iphoneos;
				SWIFT_ACTIVE_COMPILATION_CONDITIONS = DEBUG;
				SWIFT_OPTIMIZATION_LEVEL = "-Onone";
			};
			name = Debug;
		};
		05F56B1F1E6C1ECC0078C532 /* Release */ = {
			isa = XCBuildConfiguration;
			buildSettings = {
				ALWAYS_SEARCH_USER_PATHS = NO;
				CLANG_ANALYZER_LOCALIZABILITY_NONLOCALIZED = YES;
				CLANG_ANALYZER_NONNULL = YES;
				CLANG_CXX_LANGUAGE_STANDARD = "gnu++0x";
				CLANG_CXX_LIBRARY = "libc++";
				CLANG_ENABLE_MODULES = YES;
				CLANG_ENABLE_OBJC_ARC = YES;
				CLANG_WARN_BOOL_CONVERSION = YES;
				CLANG_WARN_CONSTANT_CONVERSION = YES;
				CLANG_WARN_DIRECT_OBJC_ISA_USAGE = YES_ERROR;
				CLANG_WARN_DOCUMENTATION_COMMENTS = YES;
				CLANG_WARN_EMPTY_BODY = YES;
				CLANG_WARN_ENUM_CONVERSION = YES;
				CLANG_WARN_INFINITE_RECURSION = YES;
				CLANG_WARN_INT_CONVERSION = YES;
				CLANG_WARN_OBJC_ROOT_CLASS = YES_ERROR;
				CLANG_WARN_SUSPICIOUS_MOVE = YES;
				CLANG_WARN_UNREACHABLE_CODE = YES;
				CLANG_WARN__DUPLICATE_METHOD_MATCH = YES;
				"CODE_SIGN_IDENTITY[sdk=iphoneos*]" = "iPhone Developer";
				COPY_PHASE_STRIP = NO;
				DEBUG_INFORMATION_FORMAT = "dwarf-with-dsym";
				ENABLE_NS_ASSERTIONS = NO;
				ENABLE_STRICT_OBJC_MSGSEND = YES;
				GCC_C_LANGUAGE_STANDARD = gnu99;
				GCC_NO_COMMON_BLOCKS = YES;
				GCC_WARN_64_TO_32_BIT_CONVERSION = YES;
				GCC_WARN_ABOUT_RETURN_TYPE = YES_ERROR;
				GCC_WARN_UNDECLARED_SELECTOR = YES;
				GCC_WARN_UNINITIALIZED_AUTOS = YES_AGGRESSIVE;
				GCC_WARN_UNUSED_FUNCTION = YES;
				GCC_WARN_UNUSED_VARIABLE = YES;
				IPHONEOS_DEPLOYMENT_TARGET = 10.2;
				MTL_ENABLE_DEBUG_INFO = NO;
				SDKROOT = iphoneos;
				SWIFT_OPTIMIZATION_LEVEL = "-Owholemodule";
				VALIDATE_PRODUCT = YES;
			};
			name = Release;
		};
		05F56B211E6C1ECC0078C532 /* Debug */ = {
			isa = XCBuildConfiguration;
			buildSettings = {
				"CODE_SIGN_IDENTITY[sdk=iphoneos*]" = "iPhone Developer";
				DEVELOPMENT_TEAM = 389LTVUW79;
				INFOPLIST_FILE = SuperHeroes/Info.plist;
				IPHONEOS_DEPLOYMENT_TARGET = 10.0;
				LD_RUNPATH_SEARCH_PATHS = "$(inherited) @executable_path/Frameworks";
				PRODUCT_BUNDLE_IDENTIFIER = com.rgil.SuperHeroes;
				PRODUCT_NAME = "$(TARGET_NAME)";
				SWIFT_VERSION = 3.0;
			};
			name = Debug;
		};
		05F56B221E6C1ECC0078C532 /* Release */ = {
			isa = XCBuildConfiguration;
			buildSettings = {
				"CODE_SIGN_IDENTITY[sdk=iphoneos*]" = "iPhone Developer";
				DEVELOPMENT_TEAM = 389LTVUW79;
				INFOPLIST_FILE = SuperHeroes/Info.plist;
				IPHONEOS_DEPLOYMENT_TARGET = 10.0;
				LD_RUNPATH_SEARCH_PATHS = "$(inherited) @executable_path/Frameworks";
				PRODUCT_BUNDLE_IDENTIFIER = com.rgil.SuperHeroes;
				PRODUCT_NAME = "$(TARGET_NAME)";
				SWIFT_VERSION = 3.0;
			};
			name = Release;
		};
/* End XCBuildConfiguration section */

/* Begin XCConfigurationList section */
		05F56B091E6C1ECC0078C532 /* Build configuration list for PBXProject "SuperHeroes" */ = {
			isa = XCConfigurationList;
			buildConfigurations = (
				05F56B1E1E6C1ECC0078C532 /* Debug */,
				05F56B1F1E6C1ECC0078C532 /* Release */,
			);
			defaultConfigurationIsVisible = 0;
			defaultConfigurationName = Release;
		};
		05F56B201E6C1ECC0078C532 /* Build configuration list for PBXNativeTarget "SuperHeroes" */ = {
			isa = XCConfigurationList;
			buildConfigurations = (
				05F56B211E6C1ECC0078C532 /* Debug */,
				05F56B221E6C1ECC0078C532 /* Release */,
			);
			defaultConfigurationIsVisible = 0;
			defaultConfigurationName = Release;
		};
/* End XCConfigurationList section */
	};
	rootObject = 05F56B061E6C1ECC0078C532 /* Project object */;
}
